<?xml version="1.0" encoding="utf-8"?>
<Project ToolsVersion="4.0" xmlns="http://schemas.microsoft.com/developer/msbuild/2003">
  <ItemGroup>
    <Filter Include="资源文件">
      <UniqueIdentifier>{67DA6AB6-F800-4c08-8B7A-83BB121AAD01}</UniqueIdentifier>
      <Extensions>rc;ico;cur;bmp;dlg;rc2;rct;bin;rgs;gif;jpg;jpeg;jpe;resx;tiff;tif;png;wav;mfcribbon-ms</Extensions>
    </Filter>
    <Filter Include="Graphics">
      <UniqueIdentifier>{3e823e4f-5efd-46af-8fca-3fe43573574f}</UniqueIdentifier>
    </Filter>
    <Filter Include="Graphics\Vulkan">
      <UniqueIdentifier>{980fe668-1eca-4b4b-8368-40208d2b4bda}</UniqueIdentifier>
    </Filter>
    <Filter Include="EngineCore">
      <UniqueIdentifier>{5703aac2-6489-4cc4-a33c-c24f0557517c}</UniqueIdentifier>
    </Filter>
    <Filter Include="EngineCore\RenderCore">
      <UniqueIdentifier>{0cf9fbf3-f9ea-44af-8461-89d852cfebd9}</UniqueIdentifier>
    </Filter>
    <Filter Include="EngineCore\RenderCore\VulkanCore">
      <UniqueIdentifier>{d1b31129-8d0c-45d0-ad61-aae2eb1256f7}</UniqueIdentifier>
    </Filter>
    <Filter Include="EngineCore\EditorCore">
      <UniqueIdentifier>{81996f81-a90d-438e-8e2a-3b3092a0ac65}</UniqueIdentifier>
    </Filter>
    <Filter Include="External">
      <UniqueIdentifier>{ae2db250-a0f4-4cec-bdaa-ad9b5bce1d50}</UniqueIdentifier>
    </Filter>
    <Filter Include="External\GLFW">
      <UniqueIdentifier>{f5eac615-09db-4757-b72f-e9bbaa86e0c3}</UniqueIdentifier>
    </Filter>
    <Filter Include="External\imgui">
      <UniqueIdentifier>{5025b505-b360-46b5-b219-d69d0f91422d}</UniqueIdentifier>
    </Filter>
    <Filter Include="EngineCore\Configrarion">
      <UniqueIdentifier>{88a69b0f-e086-4cc4-b318-cbc2bfb8a90a}</UniqueIdentifier>
    </Filter>
    <Filter Include="EngineCore\EditorCore\Windows">
      <UniqueIdentifier>{d629e703-965d-42eb-8de5-2ac2685739a1}</UniqueIdentifier>
    </Filter>
    <Filter Include="EngineCore\RenderCore\RenderComponent">
      <UniqueIdentifier>{71b907e1-5e4d-4ef1-9580-f8434fe6bec3}</UniqueIdentifier>
    </Filter>
    <Filter Include="EngineCore\RenderCore\BRDFData">
      <UniqueIdentifier>{aea4ffaa-d2fa-4999-b9ac-007ef3d5064d}</UniqueIdentifier>
    </Filter>
    <Filter Include="EngineCore\ScriptCore">
      <UniqueIdentifier>{ff76fc78-ed05-4d15-9fa7-de160573327d}</UniqueIdentifier>
    </Filter>
    <Filter Include="EngineCore\AssetsSystem">
      <UniqueIdentifier>{001f356b-2123-4374-9332-159719700b02}</UniqueIdentifier>
    </Filter>
    <Filter Include="EngineCore\RenderCore\RayTracingCore">
      <UniqueIdentifier>{1049ca8e-e98e-4441-b818-a58dc39cd35d}</UniqueIdentifier>
    </Filter>
    <Filter Include="External\SPIRV_CROSS">
      <UniqueIdentifier>{cedd4eb5-87f8-4a1a-8466-30db0352e9e5}</UniqueIdentifier>
    </Filter>
    <Filter Include="EngineCore\FidelityFX">
      <UniqueIdentifier>{9cb06f8b-5023-44d1-be8b-bea27ed9c8c3}</UniqueIdentifier>
    </Filter>
    <Filter Include="EngineCore\RenderCore\TerrainCore">
      <UniqueIdentifier>{d6145a3e-cf8a-4146-987f-da547ef20ed9}</UniqueIdentifier>
    </Filter>
    <Filter Include="EngineCore\RenderCore\VegetationCore">
      <UniqueIdentifier>{b7c3d1e2-a4f5-6789-0bcd-ef2345678901}</UniqueIdentifier>
    </Filter>
    <Filter Include="EngineCore\AnimationCore">
      <UniqueIdentifier>{a1b2c3d4-e5f6-7890-abcd-ef1234567890}</UniqueIdentifier>
    </Filter>
    <Filter Include="EngineCore\PhysicsCore">
      <UniqueIdentifier>{eaf1286b-794d-4d1d-b61b-7cf7da65388c}</UniqueIdentifier>
    </Filter>
    <Filter Include="EngineCore\Utils">
      <UniqueIdentifier>{5365ed6d-f1e9-4165-9907-cc4b0b9db7df}</UniqueIdentifier>
    </Filter>
    <Filter Include="External\imguiZmo">
      <UniqueIdentifier>{d385f811-9d70-4742-a43e-46e38b5fd871}</UniqueIdentifier>
    </Filter>
    <Filter Include="EngineCore\ProjectSystem">
      <UniqueIdentifier>{c3a5e7b1-2d4f-6e89-ab01-cd2345ef6789}</UniqueIdentifier>
    </Filter>
    <Filter Include="External\imguiNode">
      <UniqueIdentifier>{3b401bf0-7786-4e6c-813a-53760b951c31}</UniqueIdentifier>
    </Filter>
    <Filter Include="EngineCore\RuntimeUI">
      <UniqueIdentifier>{a2b3c4d5-e6f7-8901-bcde-fa2345678901}</UniqueIdentifier>
    </Filter>
    <Filter Include="EngineCore\RuntimeUI\Public">
      <UniqueIdentifier>{b3c4d5e6-f7a8-9012-cdef-ab3456789012}</UniqueIdentifier>
    </Filter>
    <Filter Include="EngineCore\RuntimeUI\Private">
      <UniqueIdentifier>{c4d5e6f7-a8b9-0123-defa-bc4567890123}</UniqueIdentifier>
    </Filter>
    <Filter Include="EngineCore\RuntimeUI\Private\Noesis">
      <UniqueIdentifier>{d5e6f7a8-b9c0-1234-efab-cd5678901234}</UniqueIdentifier>
    </Filter>
    <Filter Include="External\Noesis">
      <UniqueIdentifier>{2f35fcab-dc56-4ad9-b95e-18b9d5da32ba}</UniqueIdentifier>
    </Filter>
    <Filter Include="EngineCore\VideoCore">
      <UniqueIdentifier>{d2e245ea-8fd7-4472-a70a-6b462938560c}</UniqueIdentifier>
    </Filter>
    <Filter Include="EngineCore\AudioCore">
      <UniqueIdentifier>{bb551c46-ada5-42cd-b7bc-993a311d5168}</UniqueIdentifier>
    </Filter>
    <Filter Include="EngineCore\ParticleCore">
      <UniqueIdentifier>{a1f4c2e0-3b7d-4a91-8c56-de234f017abc}</UniqueIdentifier>
    </Filter>
    <Filter Include="EngineCore\ParticleCore\Modules">
      <UniqueIdentifier>{b2e5d3f1-4c8e-5ba2-9d67-ef345a128bcd}</UniqueIdentifier>
    </Filter>
    <Filter Include="EngineCore\RenderCore\LTC">
      <UniqueIdentifier>{3f128b9e-6e3b-4bd9-9c1a-873508660429}</UniqueIdentifier>
    </Filter>
  </ItemGroup>
  <ItemGroup>
    <ClInclude Include="Source\Graphics\Vulkan\VansVKFunctions.h">
      <Filter>Graphics\Vulkan</Filter>
    </ClInclude>
    <ClInclude Include="Source\EngineCore\RenderCore\VansGraphicsDevice.h">
      <Filter>EngineCore\RenderCore</Filter>
    </ClInclude>
    <ClInclude Include="Source\EngineCore\RenderCore\VulkanCore\VansVKSurface.h">
      <Filter>EngineCore\RenderCore\VulkanCore</Filter>
    </ClInclude>
    <ClInclude Include="Source\EngineCore\EditorCore\VansEditorWindow.h">
      <Filter>EngineCore\EditorCore</Filter>
    </ClInclude>
    <ClInclude Include="External\GUI\glfw-3.3.9\include\GLFW\glfw3.h">
      <Filter>External\GLFW</Filter>
    </ClInclude>
    <ClInclude Include="External\GUI\glfw-3.3.9\include\GLFW\glfw3native.h">
      <Filter>External\GLFW</Filter>
    </ClInclude>
    <ClInclude Include="External\GUI\imgui-1.90.2\imgui.h">
      <Filter>External\imgui</Filter>
    </ClInclude>
    <ClInclude Include="External\GUI\imgui-1.90.2\imgui_internal.h">
      <Filter>External\imgui</Filter>
    </ClInclude>
    <ClInclude Include="External\GUI\imgui-1.90.2\imstb_rectpack.h">
      <Filter>External\imgui</Filter>
    </ClInclude>
    <ClInclude Include="External\GUI\imgui-1.90.2\imstb_textedit.h">
      <Filter>External\imgui</Filter>
    </ClInclude>
    <ClInclude Include="External\GUI\imgui-1.90.2\imstb_truetype.h">
      <Filter>External\imgui</Filter>
    </ClInclude>
    <ClInclude Include="Source\VansBasicWindow.h">
      <Filter>EngineCore</Filter>
    </ClInclude>
    <ClInclude Include="Source\EngineCore\RenderCore\VulkanCore\VansVKCommandBuffer.h">
      <Filter>EngineCore\RenderCore\VulkanCore</Filter>
    </ClInclude>
    <ClInclude Include="Source\EngineCore\RenderCore\VulkanCore\VansVKBuffer.h">
      <Filter>EngineCore\RenderCore\VulkanCore</Filter>
    </ClInclude>
    <ClInclude Include="Source\EngineCore\RenderCore\VulkanCore\VansVKMemoryManager.h">
      <Filter>EngineCore\RenderCore\VulkanCore</Filter>
    </ClInclude>
    <ClInclude Include="Source\EngineCore\RenderCore\VulkanCore\VansVKMemoryAllocator.h">
      <Filter>EngineCore\RenderCore\VulkanCore</Filter>
    </ClInclude>
    <ClInclude Include="Source\EngineCore\RenderCore\VulkanCore\VansVKImage.h">
      <Filter>EngineCore\RenderCore\VulkanCore</Filter>
    </ClInclude>
    <ClInclude Include="Source\EngineCore\RenderCore\VulkanCore\VansRenderPass.h">
      <Filter>EngineCore\RenderCore\VulkanCore</Filter>
    </ClInclude>
    <ClInclude Include="Source\EngineCore\RenderCore\VulkanCore\VansVKDescriptorManager.h">
      <Filter>EngineCore\RenderCore\VulkanCore</Filter>
    </ClInclude>
    <ClInclude Include="Source\EngineCore\RenderCore\VulkanCore\VansDescriptorSetLayouts.h">
      <Filter>EngineCore\RenderCore\VulkanCore</Filter>
    </ClInclude>
    <ClInclude Include="Source\EngineCore\RenderCore\VulkanCore\VansPipeline.h">
      <Filter>EngineCore\RenderCore\VulkanCore</Filter>
    </ClInclude>
    <ClInclude Include="Source\EngineCore\RenderCore\VulkanCore\VansShader.h">
      <Filter>EngineCore\RenderCore\VulkanCore</Filter>
    </ClInclude>
    <ClInclude Include="Source\EngineCore\RenderCore\VansCamera.h">
      <Filter>EngineCore\RenderCore</Filter>
    </ClInclude>
    <ClInclude Include="Source\EngineCore\ScriptCore\VansCommonUtils.h">
      <Filter>EngineCore\ScriptCore</Filter>
    </ClInclude>
    <ClInclude Include="Source\EngineCore\RenderCore\VansGraphicsBuffer.h">
      <Filter>EngineCore\RenderCore</Filter>
    </ClInclude>
    <ClInclude Include="Source\EngineCore\RenderCore\VulkanCore\VansVKSampler.h">
      <Filter>EngineCore\RenderCore\VulkanCore</Filter>
    </ClInclude>
    <ClInclude Include="Source\EngineCore\EditorCore\Windows\VansBaseWindowComponent.h">
      <Filter>EngineCore\EditorCore\Windows</Filter>
    </ClInclude>
    <ClInclude Include="External\GUI\imgui-1.90.2\backends\imgui_impl_glfw.h">
      <Filter>External\imgui</Filter>
    </ClInclude>
    <ClInclude Include="External\GUI\imgui-1.90.2\imconfig.h">
      <Filter>External\imgui</Filter>
    </ClInclude>
    <ClInclude Include="External\GUI\imgui-1.90.2\backends\imgui_impl_vulkan.h">
      <Filter>External\imgui</Filter>
    </ClInclude>
    <ClInclude Include="Source\EngineCore\RenderCore\VulkanCore\VansGUIVulkanBackEnd.h">
      <Filter>EngineCore\RenderCore\VulkanCore</Filter>
    </ClInclude>
    <ClInclude Include="Source\EngineCore\RenderCore\VansScene.h">
      <Filter>EngineCore\RenderCore\RenderComponent</Filter>
    </ClInclude>
    <ClInclude Include="Source\EngineCore\RenderCore\VulkanCore\VansMesh.h">
      <Filter>EngineCore\RenderCore\RenderComponent</Filter>
    </ClInclude>
    <ClInclude Include="Source\EngineCore\RenderCore\VulkanCore\VansSubMesh.h">
      <Filter>EngineCore\RenderCore\RenderComponent</Filter>
    </ClInclude>
    <ClInclude Include="Source\EngineCore\RenderCore\VulkanCore\VansTexture.h">
      <Filter>EngineCore\RenderCore\RenderComponent</Filter>
    </ClInclude>
    <ClInclude Include="Source\EngineCore\RenderCore\VansMaterial.h">
      <Filter>EngineCore\RenderCore\RenderComponent</Filter>
    </ClInclude>
    <ClInclude Include="Source\EngineCore\RenderCore\VansRenderNode.h">
      <Filter>EngineCore\RenderCore\RenderComponent</Filter>
    </ClInclude>
    <ClInclude Include="Source\EngineCore\ScriptCore\VansTransform.h">
      <Filter>EngineCore\ScriptCore</Filter>
    </ClInclude>
    <ClInclude Include="Source\EngineCore\EditorCore\Windows\VansHierachyWindow.h">
      <Filter>EngineCore\EditorCore\Windows</Filter>
    </ClInclude>
    <ClInclude Include="Source\EngineCore\EditorCore\Windows\VansAnimGraphEditorWindow.h">
      <Filter>EngineCore\EditorCore\Windows</Filter>
    </ClInclude>
    <ClInclude Include="Source\EngineCore\EditorCore\Windows\VansUIEditorWindow.h">
      <Filter>EngineCore\EditorCore\Windows</Filter>
    </ClInclude>
    <ClInclude Include="Source\EngineCore\RuntimeUI\Public\VansUISystem.h">
      <Filter>EngineCore\RuntimeUI\Public</Filter>
    </ClInclude>
    <ClInclude Include="Source\EngineCore\RuntimeUI\Public\VansUIDocument.h">
      <Filter>EngineCore\RuntimeUI\Public</Filter>
    </ClInclude>
    <ClInclude Include="Source\EngineCore\RuntimeUI\Public\VansUIElementHandle.h">
      <Filter>EngineCore\RuntimeUI\Public</Filter>
    </ClInclude>
    <ClInclude Include="Source\EngineCore\RuntimeUI\Public\VansUIViewModel.h">
      <Filter>EngineCore\RuntimeUI\Public</Filter>
    </ClInclude>
    <ClInclude Include="Source\EngineCore\RuntimeUI\Public\VansUIScreenManager.h">
      <Filter>EngineCore\RuntimeUI\Public</Filter>
    </ClInclude>
    <ClInclude Include="Source\EngineCore\RuntimeUI\Private\Noesis\VansNoesisUISystem.h">
      <Filter>EngineCore\RuntimeUI\Private\Noesis</Filter>
    </ClInclude>
    <ClInclude Include="Source\EngineCore\RuntimeUI\Private\Noesis\VansNoesisProviders.h">
      <Filter>EngineCore\RuntimeUI\Private\Noesis</Filter>
    </ClInclude>
    <ClInclude Include="Source\EngineCore\RuntimeUI\Private\Noesis\VansNoesisInputAdapter.h">
      <Filter>EngineCore\RuntimeUI\Private\Noesis</Filter>
    </ClInclude>
    <ClInclude Include="Source\EngineCore\RuntimeUI\Private\Noesis\VansNoesisDocument.h">
      <Filter>EngineCore\RuntimeUI\Private\Noesis</Filter>
    </ClInclude>
    <ClInclude Include="Source\EngineCore\RuntimeUI\Private\Noesis\VansNoesisRenderDevice.h">
      <Filter>EngineCore\RuntimeUI\Private\Noesis</Filter>
    </ClInclude>
    <ClInclude Include="Source\EngineCore\RenderCore\VansAsset.h">
      <Filter>EngineCore\RenderCore\RenderComponent</Filter>
    </ClInclude>
    <ClInclude Include="Source\EngineCore\EditorCore\Windows\VansAssetWindow.h">
      <Filter>EngineCore\EditorCore\Windows</Filter>
    </ClInclude>
    <ClInclude Include="Source\EngineCore\RenderCore\BRDFData\VansLight.h">
      <Filter>EngineCore\RenderCore\BRDFData</Filter>
    </ClInclude>
    <ClInclude Include="Source\EngineCore\RenderCore\BRDFData\VansPBR.h">
      <Filter>EngineCore\RenderCore\BRDFData</Filter>
    </ClInclude>
    <ClInclude Include="Source\EngineCore\EditorCore\Windows\VansLightWindow.h">
      <Filter>EngineCore\EditorCore\Windows</Filter>
    </ClInclude>
    <ClInclude Include="Source\EngineCore\Configration\VansConfigration.h">
      <Filter>EngineCore\Configrarion</Filter>
    </ClInclude>
    <ClInclude Include="Source\EngineCore\ProjectSystem\VansProjectConfig.h">
      <Filter>EngineCore\ProjectSystem</Filter>
    </ClInclude>
    <ClInclude Include="Source\EngineCore\ProjectSystem\VansProjectSettings.h">
      <Filter>EngineCore\ProjectSystem</Filter>
    </ClInclude>
    <ClInclude Include="Source\EngineCore\ProjectSystem\VansPathResolver.h">
      <Filter>EngineCore\ProjectSystem</Filter>
    </ClInclude>
    <ClInclude Include="Source\EngineCore\ProjectSystem\VansSceneManager.h">
      <Filter>EngineCore\ProjectSystem</Filter>
    </ClInclude>
    <ClInclude Include="Source\EngineCore\ProjectSystem\VansProjectManager.h">
      <Filter>EngineCore\ProjectSystem</Filter>
    </ClInclude>
    <ClInclude Include="Source\EngineCore\ProjectSystem\VansProjectSelector.h">
      <Filter>EngineCore\ProjectSystem</Filter>
    </ClInclude>
    <ClInclude Include="Source\EngineCore\ScriptCore\VansScriptContext.h">
      <Filter>EngineCore\ScriptCore</Filter>
    </ClInclude>
    <ClInclude Include="Source\EngineCore\EditorCore\AssetsSystem\VansAssetsFileWatcher.h">
      <Filter>EngineCore\AssetsSystem</Filter>
    </ClInclude>
    <ClInclude Include="Source\EngineCore\RenderCore\RayTracingCore\VansRayTracing.h">
      <Filter>EngineCore\RenderCore\RayTracingCore</Filter>
    </ClInclude>
    <ClInclude Include="External\spirv_cross\GLSL.std.450.h">
      <Filter>External\SPIRV_CROSS</Filter>
    </ClInclude>
    <ClInclude Include="External\spirv_cross\spirv.h">
      <Filter>External\SPIRV_CROSS</Filter>
    </ClInclude>
    <ClInclude Include="External\spirv_cross\spirv.hpp">
      <Filter>External\SPIRV_CROSS</Filter>
    </ClInclude>
    <ClInclude Include="External\spirv_cross\spirv_cfg.hpp">
      <Filter>External\SPIRV_CROSS</Filter>
    </ClInclude>
    <ClInclude Include="External\spirv_cross\spirv_common.hpp">
      <Filter>External\SPIRV_CROSS</Filter>
    </ClInclude>
    <ClInclude Include="External\spirv_cross\spirv_cpp.hpp">
      <Filter>External\SPIRV_CROSS</Filter>
    </ClInclude>
    <ClInclude Include="External\spirv_cross\spirv_cross.hpp">
      <Filter>External\SPIRV_CROSS</Filter>
    </ClInclude>
    <ClInclude Include="External\spirv_cross\spirv_cross_c.h">
      <Filter>External\SPIRV_CROSS</Filter>
    </ClInclude>
    <ClInclude Include="External\spirv_cross\spirv_cross_containers.hpp">
      <Filter>External\SPIRV_CROSS</Filter>
    </ClInclude>
    <ClInclude Include="External\spirv_cross\spirv_cross_error_handling.hpp">
      <Filter>External\SPIRV_CROSS</Filter>
    </ClInclude>
    <ClInclude Include="External\spirv_cross\spirv_cross_parsed_ir.hpp">
      <Filter>External\SPIRV_CROSS</Filter>
    </ClInclude>
    <ClInclude Include="External\spirv_cross\spirv_cross_util.hpp">
      <Filter>External\SPIRV_CROSS</Filter>
    </ClInclude>
    <ClInclude Include="External\spirv_cross\spirv_glsl.hpp">
      <Filter>External\SPIRV_CROSS</Filter>
    </ClInclude>
    <ClInclude Include="External\spirv_cross\spirv_hlsl.hpp">
      <Filter>External\SPIRV_CROSS</Filter>
    </ClInclude>
    <ClInclude Include="External\spirv_cross\spirv_msl.hpp">
      <Filter>External\SPIRV_CROSS</Filter>
    </ClInclude>
    <ClInclude Include="External\spirv_cross\spirv_parser.hpp">
      <Filter>External\SPIRV_CROSS</Filter>
    </ClInclude>
    <ClInclude Include="External\spirv_cross\spirv_reflect.hpp">
      <Filter>External\SPIRV_CROSS</Filter>
    </ClInclude>
    <ClInclude Include="Source\EngineCore\RenderCore\FidelityFXCore\VansFSR.h">
      <Filter>EngineCore\FidelityFX</Filter>
    </ClInclude>
    <ClInclude Include="Source\EngineCore\RenderCore\VulkanCore\VansVKDevice.h">
      <Filter>EngineCore\RenderCore\VulkanCore</Filter>
    </ClInclude>
    <ClInclude Include="Source\EngineCore\EditorCore\Windows\VansProjectWindow.h">
      <Filter>EngineCore\EditorCore\Windows</Filter>
    </ClInclude>
    <ClInclude Include="Source\EngineCore\EditorCore\Windows\VansInspectorWindow.h">
      <Filter>EngineCore\EditorCore\Windows</Filter>
    </ClInclude>
    <ClInclude Include="Source\EngineCore\EditorCore\Windows\VansSceneWindow.h">
      <Filter>EngineCore\EditorCore\Windows</Filter>
    </ClInclude>
    <ClInclude Include="Source\EngineCore\EditorCore\Windows\VansGBufferWindow.h">
      <Filter>EngineCore\EditorCore\Windows</Filter>
    </ClInclude>
    <ClInclude Include="Source\EngineCore\EditorCore\Windows\VansRenderDebugWindow.h">
      <Filter>EngineCore\EditorCore\Windows</Filter>
    </ClInclude>
    <ClInclude Include="Source\EngineCore\EditorCore\Windows\VansScriptorWindow.h">
      <Filter>EngineCore\EditorCore\Windows</Filter>
    </ClInclude>
    <ClInclude Include="Source\EngineCore\EditorCore\Windows\VansConsoleWindow.h">
      <Filter>EngineCore\EditorCore\Windows</Filter>
    </ClInclude>
    <ClInclude Include="Source\EngineCore\EditorCore\Windows\VansProfilerWindow.h">
      <Filter>EngineCore\EditorCore\Windows</Filter>
    </ClInclude>
    <ClInclude Include="Source\EngineCore\EditorCore\Windows\VansConsole.h">
      <Filter>EngineCore\EditorCore\Windows</Filter>
    </ClInclude>
    <ClInclude Include="Source\EngineCore\RenderCore\TerrainCore\VansTerrain.h">
      <Filter>EngineCore\RenderCore\TerrainCore</Filter>
    </ClInclude>
    <ClInclude Include="Source\EngineCore\RenderCore\VegetationCore\VansVegetationSystem.h">
      <Filter>EngineCore\RenderCore\VegetationCore</Filter>
    </ClInclude>
    <ClInclude Include="Source\EngineCore\AnimationCore\VansAnimationTypes.h">
      <Filter>EngineCore\AnimationCore</Filter>
    </ClInclude>
    <ClInclude Include="Source\EngineCore\AnimationCore\VansAnimationClip.h">
      <Filter>EngineCore\AnimationCore</Filter>
    </ClInclude>
    <ClInclude Include="Source\EngineCore\AnimationCore\VansAnimationNode.h">
      <Filter>EngineCore\AnimationCore</Filter>
    </ClInclude>
    <ClInclude Include="Source\EngineCore\AnimationCore\VansAnimationController.h">
      <Filter>EngineCore\AnimationCore</Filter>
    </ClInclude>
    <ClInclude Include="Source\EngineCore\AnimationCore\VansBoneAttachmentSystem.h">
      <Filter>EngineCore\AnimationCore</Filter>
    </ClInclude>
    <ClInclude Include="Source\EngineCore\AnimationCore\VansBoneColliderBindingTypes.h">
      <Filter>EngineCore\AnimationCore</Filter>
    </ClInclude>
    <ClInclude Include="Source\EngineCore\AnimationCore\VansAnimatorIO.h">
      <Filter>EngineCore\AnimationCore</Filter>
    </ClInclude>
    <ClInclude Include="Source\EngineCore\AnimationCore\VansAnimGraph.h">
      <Filter>EngineCore\AnimationCore</Filter>
    </ClInclude>
    <ClInclude Include="Source\EngineCore\AnimationCore\VansAnimationClipLoader.h">
      <Filter>EngineCore\AnimationCore</Filter>
    </ClInclude>
    <ClInclude Include="Source\EngineCore\AnimationCore\VansSkinnedMeshLoader.h">
      <Filter>EngineCore\AnimationCore</Filter>
    </ClInclude>
    <ClInclude Include="Source\EngineCore\PhysicsCore\VansCollider.h">
      <Filter>EngineCore\PhysicsCore</Filter>
    </ClInclude>
    <ClInclude Include="Source\EngineCore\PhysicsCore\VansPhysicsCore.h">
      <Filter>EngineCore\PhysicsCore</Filter>
    </ClInclude>
    <ClInclude Include="Source\EngineCore\PhysicsCore\VansRigidBody.h">
      <Filter>EngineCore\PhysicsCore</Filter>
    </ClInclude>
    <ClInclude Include="Source\EngineCore\PhysicsCore\VansPhysics.h">
      <Filter>EngineCore\PhysicsCore</Filter>
    </ClInclude>
    <ClInclude Include="Source\EngineCore\PhysicsCore\VansPhysicsNode.h">
      <Filter>EngineCore\PhysicsCore</Filter>
    </ClInclude>
    <ClInclude Include="Source\EngineCore\PhysicsCore\VansCharacterControllerNode.h">
      <Filter>EngineCore\PhysicsCore</Filter>
    </ClInclude>
    <ClInclude Include="Source\EngineCore\PhysicsCore\VansPhysicsVehicle.h">
      <Filter>EngineCore\PhysicsCore</Filter>
    </ClInclude>
    <ClInclude Include="Source\EngineCore\PhysicsCore\VansCollisionLayerManager.h">
      <Filter>EngineCore\PhysicsCore</Filter>
    </ClInclude>
    <ClInclude Include="Source\EngineCore\PhysicsCore\VansPhysicsEvents.h">
      <Filter>EngineCore\PhysicsCore</Filter>
    </ClInclude>
    <ClInclude Include="Source\EngineCore\PhysicsCore\VansPhysicsEventCallback.h">
      <Filter>EngineCore\PhysicsCore</Filter>
    </ClInclude>
    <ClInclude Include="Source\EngineCore\PhysicsCore\VansTerrainPhysicsNode.h">
      <Filter>EngineCore\PhysicsCore</Filter>
    </ClInclude>
    <ClInclude Include="Source\EngineCore\Util\VansFileUtil.h">
      <Filter>EngineCore\Utils</Filter>
    </ClInclude>
    <ClInclude Include="Source\EngineCore\Util\VansInputManager.h">
      <Filter>EngineCore\Utils</Filter>
    </ClInclude>
    <ClInclude Include="Source\EngineCore\Util\VansJobSystem.h">
      <Filter>EngineCore\Utils</Filter>
    </ClInclude>
    <ClInclude Include="Source\EngineCore\Util\VansLog.h">
      <Filter>EngineCore\Utils</Filter>
    </ClInclude>
    <ClInclude Include="Source\EngineCore\Util\VansProfiler.h">
      <Filter>EngineCore\Utils</Filter>
    </ClInclude>
    <ClInclude Include="Source\EngineCore\VansTimer.h">
      <Filter>EngineCore\Utils</Filter>
    </ClInclude>
    <ClInclude Include="Source\EngineCore\RenderCore\VansRuntimeRenderTextureManager.h">
      <Filter>EngineCore\RenderCore\VulkanCore</Filter>
    </ClInclude>
    <ClInclude Include="Source\EngineCore\RenderCore\VansShaderRegistry.h">
      <Filter>EngineCore\RenderCore\VulkanCore</Filter>
    </ClInclude>
    <ClInclude Include="Source\EngineCore\PhysicsCore\VansClothNode.h">
      <Filter>EngineCore\PhysicsCore</Filter>
    </ClInclude>
    <ClInclude Include="Source\EngineCore\PhysicsCore\VansClothSystem.h">
      <Filter>EngineCore\PhysicsCore</Filter>
    </ClInclude>
    <ClInclude Include="Source\EngineCore\RenderCore\LTC\LTCData.h">
      <Filter>EngineCore\RenderCore\LTC</Filter>
    </ClInclude>
    <ClInclude Include="Source\EngineCore\AudioCore\VansAudioDecoder.h">
      <Filter>EngineCore\AudioCore</Filter>
    </ClInclude>
    <ClInclude Include="Source\EngineCore\AudioCore\VansAudioManager.h">
      <Filter>EngineCore\AudioCore</Filter>
    </ClInclude>
    <ClInclude Include="Source\EngineCore\AudioCore\VansAudioNode.h">
      <Filter>EngineCore\AudioCore</Filter>
    </ClInclude>
    <ClInclude Include="Source\EngineCore\AudioCore\VansAudioSystem.h">
      <Filter>EngineCore\AudioCore</Filter>
    </ClInclude>
    <ClInclude Include="Source\EngineCore\ParticleCore\VansParticleData.h">
      <Filter>EngineCore\ParticleCore</Filter>
    </ClInclude>
    <ClInclude Include="Source\EngineCore\ParticleCore\VansParticleInstanceData.h">
      <Filter>EngineCore\ParticleCore</Filter>
    </ClInclude>
    <ClInclude Include="Source\EngineCore\ParticleCore\VansParticleEmitter.h">
      <Filter>EngineCore\ParticleCore</Filter>
    </ClInclude>
    <ClInclude Include="Source\EngineCore\ParticleCore\VansParticleAsset.h">
      <Filter>EngineCore\ParticleCore</Filter>
    </ClInclude>
    <ClInclude Include="Source\EngineCore\ParticleCore\VansParticleRuntime.h">
      <Filter>EngineCore\ParticleCore</Filter>
    </ClInclude>
    <ClInclude Include="Source\EngineCore\ParticleCore\VansParticleManager.h">
      <Filter>EngineCore\ParticleCore</Filter>
    </ClInclude>
    <ClInclude Include="Source\EngineCore\ParticleCore\Modules\VansParticleModule.h">
      <Filter>EngineCore\ParticleCore\Modules</Filter>
    </ClInclude>
    <ClInclude Include="Source\EngineCore\ParticleCore\Modules\VansInitModules.h">
      <Filter>EngineCore\ParticleCore\Modules</Filter>
    </ClInclude>
    <ClInclude Include="Source\EngineCore\ParticleCore\Modules\VansUpdateModules.h">
      <Filter>EngineCore\ParticleCore\Modules</Filter>
    </ClInclude>
    <ClInclude Include="Source\EngineCore\RenderCore\VansParticleRenderNode.h">
      <Filter>EngineCore\RenderCore</Filter>
    </ClInclude>
    <ClInclude Include="Source\EngineCore\RenderCore\VansVideoManager.h">
      <Filter>EngineCore\VideoCore</Filter>
    </ClInclude>
    <ClInclude Include="Source\EngineCore\RenderCore\VulkanCore\VansVideoTexture.h">
      <Filter>EngineCore\VideoCore</Filter>
    </ClInclude>
  </ItemGroup>
  <ItemGroup>
    <None Include="Source\Graphics\Vulkan\ListOfVulkanFunctions.inl">
      <Filter>Graphics\Vulkan</Filter>
    </None>
  </ItemGroup>
  <ItemGroup>
    <ClCompile Include="Source\EngineCore\RenderCore\VulkanCore\VansVKDevice.cpp">
      <Filter>EngineCore\RenderCore\VulkanCore</Filter>
    </ClCompile>
    <ClCompile Include="Source\EngineCore\RenderCore\VulkanCore\VansVKRenderer.cpp">
      <Filter>EngineCore\RenderCore\VulkanCore</Filter>
    </ClCompile>
    <ClCompile Include="Source\EngineCore\RenderCore\VulkanCore\VansVKFSRIntegration.cpp">
      <Filter>EngineCore\RenderCore\VulkanCore</Filter>
    </ClCompile>
    <ClCompile Include="Source\EngineCore\RenderCore\VulkanCore\VansVKResourceUpload.cpp">
      <Filter>EngineCore\RenderCore\VulkanCore</Filter>
    </ClCompile>
    <ClCompile Include="Source\EngineCore\RenderCore\VulkanCore\VansVKRenderDataPreparation.cpp">
      <Filter>EngineCore\RenderCore\VulkanCore</Filter>
    </ClCompile>
    <ClCompile Include="Source\EngineCore\RenderCore\VulkanCore\VansVKRenderFeatures.cpp">
      <Filter>EngineCore\RenderCore\VulkanCore</Filter>
    </ClCompile>
    <ClCompile Include="Source\EngineCore\RenderCore\VulkanCore\VansVKRayTracingPipeline.cpp">
      <Filter>EngineCore\RenderCore\VulkanCore</Filter>
    </ClCompile>
    <ClCompile Include="Source\Graphics\Vulkan\VansVKFunctions.cpp">
      <Filter>Graphics\Vulkan</Filter>
    </ClCompile>
    <ClCompile Include="Source\EngineCore\RenderCore\VulkanCore\VansVKSurface.cpp">
      <Filter>EngineCore\RenderCore\VulkanCore</Filter>
    </ClCompile>
    <ClCompile Include="External\GUI\imgui-1.90.2\imgui.cpp">
      <Filter>External\imgui</Filter>
    </ClCompile>
    <ClCompile Include="External\GUI\imgui-1.90.2\imgui_draw.cpp">
      <Filter>External\imgui</Filter>
    </ClCompile>
    <ClCompile Include="External\GUI\imgui-1.90.2\imgui_tables.cpp">
      <Filter>External\imgui</Filter>
    </ClCompile>
    <ClCompile Include="External\GUI\imgui-1.90.2\imgui_widgets.cpp">
      <Filter>External\imgui</Filter>
    </ClCompile>
    <ClCompile Include="Source\EngineCore\EditorCore\VansEditorWindow.cpp">
      <Filter>EngineCore\EditorCore</Filter>
    </ClCompile>
    <ClCompile Include="Source\ForestEngineEntry.cpp">
      <Filter>EngineCore</Filter>
    </ClCompile>
    <ClCompile Include="Source\EngineCore\RenderCore\VulkanCore\VansVKCommandBuffer.cpp">
      <Filter>EngineCore\RenderCore\VulkanCore</Filter>
    </ClCompile>
    <ClCompile Include="Source\EngineCore\RenderCore\VulkanCore\VansVKBuffer.cpp">
      <Filter>EngineCore\RenderCore\VulkanCore</Filter>
    </ClCompile>
    <ClCompile Include="Source\EngineCore\RenderCore\VulkanCore\VansVKMemoryManager.cpp">
      <Filter>EngineCore\RenderCore\VulkanCore</Filter>
    </ClCompile>
    <ClCompile Include="Source\EngineCore\RenderCore\VulkanCore\VansVKMemoryAllocator.cpp">
      <Filter>EngineCore\RenderCore\VulkanCore</Filter>
    </ClCompile>
    <ClCompile Include="Source\EngineCore\RenderCore\VulkanCore\VansRenderPass.cpp">
      <Filter>EngineCore\RenderCore\VulkanCore</Filter>
    </ClCompile>
    <ClCompile Include="Source\EngineCore\RenderCore\VulkanCore\VansVKDescriptorManager.cpp">
      <Filter>EngineCore\RenderCore\VulkanCore</Filter>
    </ClCompile>
    <ClCompile Include="Source\EngineCore\RenderCore\VulkanCore\VansDescriptorSetLayouts.cpp">
      <Filter>EngineCore\RenderCore\VulkanCore</Filter>
    </ClCompile>
    <ClCompile Include="Source\EngineCore\RenderCore\VulkanCore\VansVKImage.cpp">
      <Filter>EngineCore\RenderCore\VulkanCore</Filter>
    </ClCompile>
    <ClCompile Include="Source\EngineCore\RenderCore\VulkanCore\VansPipeline.cpp">
      <Filter>EngineCore\RenderCore\VulkanCore</Filter>
    </ClCompile>
    <ClCompile Include="Source\EngineCore\RenderCore\VulkanCore\VansShader.cpp">
      <Filter>EngineCore\RenderCore\VulkanCore</Filter>
    </ClCompile>
    <ClCompile Include="Source\EngineCore\RenderCore\VansCamera.cpp">
      <Filter>EngineCore\RenderCore</Filter>
    </ClCompile>
    <ClCompile Include="Source\EngineCore\RenderCore\VansGraphicsDevice.cpp">
      <Filter>EngineCore\RenderCore</Filter>
    </ClCompile>
    <ClCompile Include="Source\EngineCore\RenderCore\VulkanCore\VansVKSampler.cpp">
      <Filter>EngineCore\RenderCore\VulkanCore</Filter>
    </ClCompile>
    <ClCompile Include="External\GUI\imgui-1.90.2\backends\imgui_impl_glfw.cpp">
      <Filter>External\imgui</Filter>
    </ClCompile>
    <ClCompile Include="External\GUI\imgui-1.90.2\imgui_demo.cpp">
      <Filter>External\imgui</Filter>
    </ClCompile>
    <ClCompile Include="External\GUI\imgui-1.90.2\backends\imgui_impl_vulkan.cpp">
      <Filter>External\imgui</Filter>
    </ClCompile>
    <ClCompile Include="Source\EngineCore\RenderCore\VulkanCore\VansGUIVulkanBackEnd.cpp">
      <Filter>EngineCore\RenderCore\VulkanCore</Filter>
    </ClCompile>
    <ClCompile Include="Source\EngineCore\RenderCore\VansScene.cpp">
      <Filter>EngineCore\RenderCore\RenderComponent</Filter>
    </ClCompile>
    <ClCompile Include="Source\EngineCore\RenderCore\VansSceneLoader.cpp">
      <Filter>EngineCore\RenderCore\RenderComponent</Filter>
    </ClCompile>
    <ClCompile Include="Source\EngineCore\RenderCore\VansSceneDraw.cpp">
      <Filter>EngineCore\RenderCore\RenderComponent</Filter>
    </ClCompile>
    <ClCompile Include="Source\EngineCore\RenderCore\VansScenePhysics.cpp">
      <Filter>EngineCore\RenderCore\RenderComponent</Filter>
    </ClCompile>
    <ClCompile Include="Source\EngineCore\RenderCore\VulkanCore\VansMesh.cpp">
      <Filter>EngineCore\RenderCore\RenderComponent</Filter>
    </ClCompile>
    <ClCompile Include="Source\EngineCore\RenderCore\VulkanCore\VansSubMesh.cpp">
      <Filter>EngineCore\RenderCore\RenderComponent</Filter>
    </ClCompile>
    <ClCompile Include="Source\EngineCore\RenderCore\VulkanCore\VansTexture.cpp">
      <Filter>EngineCore\RenderCore\RenderComponent</Filter>
    </ClCompile>
    <ClCompile Include="Source\EngineCore\ScriptCore\VansTransform.cpp">
      <Filter>EngineCore\ScriptCore</Filter>
    </ClCompile>
    <ClCompile Include="Source\EngineCore\RenderCore\VansRenderNode.cpp">
      <Filter>EngineCore\RenderCore\RenderComponent</Filter>
    </ClCompile>
    <ClCompile Include="Source\EngineCore\EditorCore\Windows\VansHierachyWindow.cpp">
      <Filter>EngineCore\EditorCore\Windows</Filter>
    </ClCompile>
    <ClCompile Include="Source\EngineCore\RenderCore\BRDFData\VansLight.cpp">
      <Filter>EngineCore\RenderCore\BRDFData</Filter>
    </ClCompile>
    <ClCompile Include="Source\EngineCore\RenderCore\VansMaterial.cpp">
      <Filter>EngineCore\RenderCore\RenderComponent</Filter>
    </ClCompile>
    <ClCompile Include="Source\EngineCore\EditorCore\Windows\VansLightWindow.cpp">
      <Filter>EngineCore\EditorCore\Windows</Filter>
    </ClCompile>
    <ClCompile Include="Source\EngineCore\Configration\VansConfigration.cpp">
      <Filter>EngineCore\Configrarion</Filter>
    </ClCompile>
    <ClCompile Include="Source\EngineCore\ProjectSystem\VansProjectConfig.cpp">
      <Filter>EngineCore\ProjectSystem</Filter>
    </ClCompile>
    <ClCompile Include="Source\EngineCore\ProjectSystem\VansProjectSettings.cpp">
      <Filter>EngineCore\ProjectSystem</Filter>
    </ClCompile>
    <ClCompile Include="Source\EngineCore\ProjectSystem\VansPathResolver.cpp">
      <Filter>EngineCore\ProjectSystem</Filter>
    </ClCompile>
    <ClCompile Include="Source\EngineCore\ProjectSystem\VansSceneManager.cpp">
      <Filter>EngineCore\ProjectSystem</Filter>
    </ClCompile>
    <ClCompile Include="Source\EngineCore\ProjectSystem\VansProjectManager.cpp">
      <Filter>EngineCore\ProjectSystem</Filter>
    </ClCompile>
    <ClCompile Include="Source\EngineCore\ProjectSystem\VansProjectSelector.cpp">
      <Filter>EngineCore\ProjectSystem</Filter>
    </ClCompile>
    <ClCompile Include="Source\EngineCore\ScriptCore\VansScriptContext.cpp">
      <Filter>EngineCore\ScriptCore</Filter>
    </ClCompile>
    <ClCompile Include="Source\EngineCore\ScriptCore\VansScriptBridge.cpp">
      <Filter>EngineCore\ScriptCore</Filter>
    </ClCompile>
    <ClCompile Include="Source\EngineCore\RenderCore\RayTracingCore\VansRayTracing.cpp">
      <Filter>EngineCore\RenderCore\RayTracingCore</Filter>
    </ClCompile>
    <ClCompile Include="External\spirv_cross\spirv_cfg.cpp">
      <Filter>External\SPIRV_CROSS</Filter>
    </ClCompile>
    <ClCompile Include="External\spirv_cross\spirv_cpp.cpp">
      <Filter>External\SPIRV_CROSS</Filter>
    </ClCompile>
    <ClCompile Include="External\spirv_cross\spirv_cross.cpp">
      <Filter>External\SPIRV_CROSS</Filter>
    </ClCompile>
    <ClCompile Include="External\spirv_cross\spirv_cross_c.cpp">
      <Filter>External\SPIRV_CROSS</Filter>
    </ClCompile>
    <ClCompile Include="External\spirv_cross\spirv_cross_parsed_ir.cpp">
      <Filter>External\SPIRV_CROSS</Filter>
    </ClCompile>
    <ClCompile Include="External\spirv_cross\spirv_cross_util.cpp">
      <Filter>External\SPIRV_CROSS</Filter>
    </ClCompile>
    <ClCompile Include="External\spirv_cross\spirv_glsl.cpp">
      <Filter>External\SPIRV_CROSS</Filter>
    </ClCompile>
    <ClCompile Include="External\spirv_cross\spirv_hlsl.cpp">
      <Filter>External\SPIRV_CROSS</Filter>
    </ClCompile>
    <ClCompile Include="External\spirv_cross\spirv_msl.cpp">
      <Filter>External\SPIRV_CROSS</Filter>
    </ClCompile>
    <ClCompile Include="External\spirv_cross\spirv_parser.cpp">
      <Filter>External\SPIRV_CROSS</Filter>
    </ClCompile>
    <ClCompile Include="External\spirv_cross\spirv_reflect.cpp">
      <Filter>External\SPIRV_CROSS</Filter>
    </ClCompile>
    <ClCompile Include="Source\EngineCore\RenderCore\FidelityFXCore\VansFSR.cpp">
      <Filter>EngineCore\FidelityFX</Filter>
    </ClCompile>
    <ClCompile Include="Source\EngineCore\EditorCore\Windows\VansProjectWindow.cpp">
      <Filter>EngineCore\EditorCore\Windows</Filter>
    </ClCompile>
    <ClCompile Include="Source\EngineCore\EditorCore\Windows\VansSceneWindow.cpp">
      <Filter>EngineCore\EditorCore\Windows</Filter>
    </ClCompile>
    <ClCompile Include="Source\EngineCore\EditorCore\Windows\VansInspectorWindow.cpp">
      <Filter>EngineCore\EditorCore\Windows</Filter>
    </ClCompile>
    <ClCompile Include="Source\EngineCore\EditorCore\Windows\VansGBufferWindow.cpp">
      <Filter>EngineCore\EditorCore\Windows</Filter>
    </ClCompile>
    <ClCompile Include="Source\EngineCore\EditorCore\Windows\VansRenderDebugWindow.cpp">
      <Filter>EngineCore\EditorCore\Windows</Filter>
    </ClCompile>
    <ClCompile Include="Source\EngineCore\EditorCore\Windows\VansScriptorWindow.cpp">
      <Filter>EngineCore\EditorCore\Windows</Filter>
    </ClCompile>
    <ClCompile Include="Source\EngineCore\EditorCore\Windows\VansConsoleWindow.cpp">
      <Filter>EngineCore\EditorCore\Windows</Filter>
    </ClCompile>
    <ClCompile Include="Source\EngineCore\EditorCore\Windows\VansProfilerWindow.cpp">
      <Filter>EngineCore\EditorCore\Windows</Filter>
    </ClCompile>
    <ClCompile Include="Source\EngineCore\EditorCore\Windows\VansAnimGraphEditorWindow.cpp">
      <Filter>EngineCore\EditorCore\Windows</Filter>
    </ClCompile>
    <ClCompile Include="Source\EngineCore\EditorCore\Windows\VansUIEditorWindow.cpp">
      <Filter>EngineCore\EditorCore\Windows</Filter>
    </ClCompile>
    <ClCompile Include="Source\EngineCore\RuntimeUI\VansUISystem.cpp">
      <Filter>EngineCore\RuntimeUI</Filter>
    </ClCompile>
    <ClCompile Include="Source\EngineCore\RuntimeUI\VansUIScreenManager.cpp">
      <Filter>EngineCore\RuntimeUI</Filter>
    </ClCompile>
    <ClCompile Include="Source\EngineCore\RuntimeUI\VansUIElementHandle.cpp">
      <Filter>EngineCore\RuntimeUI</Filter>
    </ClCompile>
    <ClCompile Include="Source\EngineCore\RuntimeUI\Private\Noesis\VansNoesisUISystem.cpp">
      <Filter>EngineCore\RuntimeUI\Private\Noesis</Filter>
    </ClCompile>
    <ClCompile Include="Source\EngineCore\RuntimeUI\Private\Noesis\VansNoesisProviders.cpp">
      <Filter>EngineCore\RuntimeUI\Private\Noesis</Filter>
    </ClCompile>
    <ClCompile Include="Source\EngineCore\RuntimeUI\Private\Noesis\VansNoesisInputAdapter.cpp">
      <Filter>EngineCore\RuntimeUI\Private\Noesis</Filter>
    </ClCompile>
    <ClCompile Include="Source\EngineCore\RuntimeUI\Private\Noesis\VansNoesisDocument.cpp">
      <Filter>EngineCore\RuntimeUI\Private\Noesis</Filter>
    </ClCompile>
    <ClCompile Include="Source\EngineCore\RuntimeUI\Private\Noesis\VansNoesisRenderDevice.cpp">
      <Filter>EngineCore\RuntimeUI\Private\Noesis</Filter>
    </ClCompile>
    <ClCompile Include="Source\EngineCore\RenderCore\TerrainCore\VansTerrain.cpp">
      <Filter>EngineCore\RenderCore\TerrainCore</Filter>
    </ClCompile>
    <ClCompile Include="Source\EngineCore\RenderCore\VegetationCore\VansVegetationSystem.cpp">
      <Filter>EngineCore\RenderCore\VegetationCore</Filter>
    </ClCompile>
    <ClCompile Include="Source\EngineCore\AnimationCore\VansAnimationTypes.cpp">
      <Filter>EngineCore\AnimationCore</Filter>
    </ClCompile>
    <ClCompile Include="Source\EngineCore\AnimationCore\VansAnimationClip.cpp">
      <Filter>EngineCore\AnimationCore</Filter>
    </ClCompile>
    <ClCompile Include="Source\EngineCore\AnimationCore\VansAnimationNode.cpp">
      <Filter>EngineCore\AnimationCore</Filter>
    </ClCompile>
    <ClCompile Include="Source\EngineCore\AnimationCore\VansAnimationController.cpp">
      <Filter>EngineCore\AnimationCore</Filter>
    </ClCompile>
    <ClCompile Include="Source\EngineCore\AnimationCore\VansBoneAttachmentSystem.cpp">
      <Filter>EngineCore\AnimationCore</Filter>
    </ClCompile>
    <ClCompile Include="Source\EngineCore\AnimationCore\VansAnimatorIO.cpp">
      <Filter>EngineCore\AnimationCore</Filter>
    </ClCompile>
    <ClCompile Include="Source\EngineCore\AnimationCore\VansAnimGraph.cpp">
      <Filter>EngineCore\AnimationCore</Filter>
    </ClCompile>
    <ClCompile Include="Source\EngineCore\AnimationCore\VansAnimationClipLoader.cpp">
      <Filter>EngineCore\AnimationCore</Filter>
    </ClCompile>
    <ClCompile Include="Source\EngineCore\AnimationCore\VansSkinnedMeshLoader.cpp">
      <Filter>EngineCore\AnimationCore</Filter>
    </ClCompile>
    <ClCompile Include="Source\EngineCore\PhysicsCore\VansCollider.cpp">
      <Filter>EngineCore\PhysicsCore</Filter>
    </ClCompile>
    <ClCompile Include="Source\EngineCore\PhysicsCore\VansPhysics.cpp">
      <Filter>EngineCore\PhysicsCore</Filter>
    </ClCompile>
    <ClCompile Include="Source\EngineCore\PhysicsCore\VansPhysicsNode.cpp">
      <Filter>EngineCore\PhysicsCore</Filter>
    </ClCompile>
    <ClCompile Include="Source\EngineCore\PhysicsCore\VansCharacterControllerNode.cpp">
      <Filter>EngineCore\PhysicsCore</Filter>
    </ClCompile>
    <ClCompile Include="Source\EngineCore\PhysicsCore\VansRigidBody.cpp">
      <Filter>EngineCore\PhysicsCore</Filter>
    </ClCompile>
    <ClCompile Include="Source\EngineCore\PhysicsCore\VansPhysicsVehicle.cpp">
      <Filter>EngineCore\PhysicsCore</Filter>
    </ClCompile>
    <ClCompile Include="Source\EngineCore\PhysicsCore\VansCollisionLayerManager.cpp">
      <Filter>EngineCore\PhysicsCore</Filter>
    </ClCompile>
    <ClCompile Include="Source\EngineCore\PhysicsCore\VansPhysicsEventCallback.cpp">
      <Filter>EngineCore\PhysicsCore</Filter>
    </ClCompile>
    <ClCompile Include="Source\EngineCore\PhysicsCore\VansTerrainPhysicsNode.cpp">
      <Filter>EngineCore\PhysicsCore</Filter>
    </ClCompile>
    <ClCompile Include="Source\EngineCore\Util\VansInputManager.cpp">
      <Filter>EngineCore\Utils</Filter>
    </ClCompile>
    <ClCompile Include="Source\EngineCore\Util\VansJobSystem.cpp">
      <Filter>EngineCore\Utils</Filter>
    </ClCompile>
    <ClCompile Include="Source\EngineCore\Util\VansLog.cpp">
      <Filter>EngineCore\Utils</Filter>
    </ClCompile>
    <ClCompile Include="Source\EngineCore\Util\VansProfiler.cpp">
      <Filter>EngineCore\Utils</Filter>
    </ClCompile>
    <ClCompile Include="Source\EngineCore\VansTimer.cpp">
      <Filter>EngineCore\Utils</Filter>
    </ClCompile>
    <ClCompile Include="Source\EngineCore\RenderCore\VansRuntimeRenderTextureManager.cpp">
      <Filter>EngineCore\RenderCore\VulkanCore</Filter>
    </ClCompile>
    <ClCompile Include="Source\EngineCore\RenderCore\VansShaderRegistrations.cpp">
      <Filter>EngineCore\RenderCore\VulkanCore</Filter>
    </ClCompile>
    <ClCompile Include="Source\EngineCore\RenderCore\VansShaderRegistry.cpp">
      <Filter>EngineCore\RenderCore\VulkanCore</Filter>
    </ClCompile>
    <ClCompile Include="External\GUI\ImGuizmo\ImGuizmo.cpp">
      <Filter>External\imguiZmo</Filter>
    </ClCompile>
    <ClCompile Include="Source\EngineCore\EditorCore\VansGizmos.cpp">
      <Filter>EngineCore\EditorCore</Filter>
    </ClCompile>
    <ClCompile Include="Source\EngineCore\PhysicsCore\VansClothNode.cpp">
      <Filter>EngineCore\PhysicsCore</Filter>
    </ClCompile>
    <ClCompile Include="Source\EngineCore\PhysicsCore\VansClothSystem.cpp">
      <Filter>EngineCore\PhysicsCore</Filter>
    </ClCompile>
    <ClCompile Include="External\GUI\ImGuiNode\crude_json.cpp">
      <Filter>External\imguiNode</Filter>
    </ClCompile>
    <ClCompile Include="External\GUI\ImGuiNode\imgui_canvas.cpp">
      <Filter>External\imguiNode</Filter>
    </ClCompile>
    <ClCompile Include="External\GUI\ImGuiNode\imgui_node_editor.cpp">
      <Filter>External\imguiNode</Filter>
    </ClCompile>
    <ClCompile Include="External\GUI\ImGuiNode\imgui_node_editor_api.cpp">
      <Filter>External\imguiNode</Filter>
    </ClCompile>
    <ClCompile Include="External\NoesisGUI\Src\Packages\App\Providers\Src\FastLZ.cpp">
      <Filter>External\Noesis</Filter>
    </ClCompile>
    <ClCompile Include="External\NoesisGUI\Src\Packages\Render\VKRenderDevice\Src\Render.VKRenderDevice.cpp">
      <Filter>External\Noesis</Filter>
    </ClCompile>
    <ClCompile Include="External\NoesisGUI\Src\Packages\Render\VKRenderDevice\Src\VKRenderDevice.cpp">
      <Filter>External\Noesis</Filter>
    </ClCompile>
    <ClCompile Include="Source\EngineCore\RenderCore\LTC\LTCData.cpp">
      <Filter>EngineCore\RenderCore\LTC</Filter>
    </ClCompile>
    <ClCompile Include="Source\EngineCore\AudioCore\VansAudioDecoder.cpp">
      <Filter>EngineCore\AudioCore</Filter>
    </ClCompile>
    <ClCompile Include="Source\EngineCore\AudioCore\VansAudioManager.cpp">
      <Filter>EngineCore\AudioCore</Filter>
    </ClCompile>
    <ClCompile Include="Source\EngineCore\AudioCore\VansAudioNode.cpp">
      <Filter>EngineCore\AudioCore</Filter>
    </ClCompile>
    <ClCompile Include="Source\EngineCore\AudioCore\VansAudioSystem.cpp">
      <Filter>EngineCore\AudioCore</Filter>
    </ClCompile>
    <ClCompile Include="Source\EngineCore\ParticleCore\VansParticleData.cpp">
      <Filter>EngineCore\ParticleCore</Filter>
    </ClCompile>
    <ClCompile Include="Source\EngineCore\ParticleCore\VansParticleEmitter.cpp">
      <Filter>EngineCore\ParticleCore</Filter>
    </ClCompile>
    <ClCompile Include="Source\EngineCore\ParticleCore\VansParticleAsset.cpp">
      <Filter>EngineCore\ParticleCore</Filter>
    </ClCompile>
    <ClCompile Include="Source\EngineCore\ParticleCore\VansParticleRuntime.cpp">
      <Filter>EngineCore\ParticleCore</Filter>
    </ClCompile>
    <ClCompile Include="Source\EngineCore\ParticleCore\VansParticleManager.cpp">
      <Filter>EngineCore\ParticleCore</Filter>
    </ClCompile>
    <ClCompile Include="Source\EngineCore\ParticleCore\Modules\VansParticleModule.cpp">
      <Filter>EngineCore\ParticleCore\Modules</Filter>
    </ClCompile>
    <ClCompile Include="Source\EngineCore\ParticleCore\Modules\VansInitModules.cpp">
      <Filter>EngineCore\ParticleCore\Modules</Filter>
    </ClCompile>
    <ClCompile Include="Source\EngineCore\ParticleCore\Modules\VansUpdateModules.cpp">
      <Filter>EngineCore\ParticleCore\Modules</Filter>
    </ClCompile>
    <ClCompile Include="Source\EngineCore\RenderCore\VansParticleRenderNode.cpp">
      <Filter>EngineCore\RenderCore</Filter>
    </ClCompile>
    <ClCompile Include="Source\EngineCore\RenderCore\VansVideoManager.cpp">
      <Filter>EngineCore\VideoCore</Filter>
    </ClCompile>
    <ClCompile Include="Source\EngineCore\RenderCore\VulkanCore\VansVideoTexture.cpp">
      <Filter>EngineCore\VideoCore</Filter>
    </ClCompile>
  </ItemGroup>
</Project>